{
  "nodes": {
    "bun-flake": {
      "inputs": {
        "flake-utils": "flake-utils",
        "nixpkgs": "nixpkgs"
      },
      "locked": {
        "lastModified": 1673710941,
        "narHash": "sha256-m68YkxMUCTLjBdeoDX0XUZptDlmI0ou9iXh1O9QNIkM=",
        "owner": "pfgray",
        "repo": "bun-flake",
        "rev": "e69884b91df988eb62a2d0bc842cce746399e08b",
        "type": "github"
      },
      "original": {
        "owner": "pfgray",
        "repo": "bun-flake",
        "type": "github"
      }
    },
    "flake-utils": {
      "locked": {
        "lastModified": 1656928814,
        "narHash": "sha256-RIFfgBuKz6Hp89yRr7+NR5tzIAbn52h8vT6vXkYjZoM=",
        "owner": "numtide",
        "repo": "flake-utils",
        "rev": "7e2a3b3dfd9af950a856d66b0a7d01e3c18aa249",
        "type": "github"
      },
      "original": {
        "owner": "numtide",
        "repo": "flake-utils",
        "type": "github"
      }
    },
    "flake-utils_2": {
      "locked": {
        "lastModified": 1656928814,
        "narHash": "sha256-RIFfgBuKz6Hp89yRr7+NR5tzIAbn52h8vT6vXkYjZoM=",
        "owner": "numtide",
        "repo": "flake-utils",
        "rev": "7e2a3b3dfd9af950a856d66b0a7d01e3c18aa249",
        "type": "github"
      },
      "original": {
        "owner": "numtide",
        "repo": "flake-utils",
        "type": "github"
      }
    },
    "nixpkgs": {
      "locked": {
        "lastModified": 1659526864,
        "narHash": "sha256-XFzXrc1+6DZb9hBgHfEzfwylPUSqVFJbQPs8eOgYufU=",
        "owner": "NixOS",
        "repo": "nixpkgs",
        "rev": "478f3cbc8448b5852539d785fbfe9a53304133be",
        "type": "github"
      },
      "original": {
        "owner": "NixOS",
        "ref": "nixos-22.05",
        "repo": "nixpkgs",
        "type": "github"
      }
    },
    "nixpkgs_2": {
      "locked": {
        "lastModified": 1659526864,
        "narHash": "sha256-XFzXrc1+6DZb9hBgHfEzfwylPUSqVFJbQPs8eOgYufU=",
        "owner": "NixOS",
        "repo": "nixpkgs",
        "rev": "478f3cbc8448b5852539d785fbfe9a53304133be",
        "type": "github"
      },
      "original": {
        "owner": "NixOS",
        "ref": "nixos-22.05",
        "repo": "nixpkgs",
        "type": "github"
      }
    },
    "root": {
      "inputs": {
        "bun-flake": "bun-flake",
        "flake-utils": "flake-utils_2",
        "nixpkgs": "nixpkgs_2"
      }
    }
  },
  "root": "root",
  "version": 7
}
